
Microsoft Visual Studio Solution File, Format Version 12.00
# Visual Studio Version 16
VisualStudioVersion = 16.0.28922.388
MinimumVisualStudioVersion = 10.0.40219.1
Project("{FAE04EC0-301F-11D3-BF4B-00C04F79EFBC}") = "IPZ(fast food)", "IPZ(fast food)\IPZ(fast food).csproj", "{726BF019-91C5-4BAA-8232-40FEA71848CE}"
EndProject
Global
	GlobalSection(SolutionConfigurationPlatforms) = preSolution
		Debug|Any CPU = Debug|Any CPU
		Release|Any CPU = Release|Any CPU
	EndGlobalSection
	GlobalSection(ProjectConfigurationPlatforms) = postSolution
		{726BF019-91C5-4BAA-8232-40FEA71848CE}.Debug|Any CPU.ActiveCfg = Debug|Any CPU
		{726BF019-91C5-4BAA-8232-40FEA71848CE}.Debug|Any CPU.Build.0 = Debug|Any CPU
		{726BF019-91C5-4BAA-8232-40FEA71848CE}.Release|Any CPU.ActiveCfg = Release|Any CPU
		{726BF019-91C5-4BAA-8232-40FEA71848CE}.Release|Any CPU.Build.0 = Release|Any CPU
	EndGlobalSection
	GlobalSection(SolutionProperties) = preSolution
		HideSolutionNode = FALSE
	EndGlobalSection
	GlobalSection(ExtensibilityGlobals) = postSolution
		SolutionGuid = {9F345D95-4A50-405B-9560-4F652C605C41}
	EndGlobalSection
EndGlobal
